# THIS IS AN AUTOGENERATED FILE. DO NOT EDIT THIS FILE DIRECTLY.
# yarn lockfile v1


react-native-keyboard-height@^1.1.2:
  version "1.1.2"
  resolved "https://registry.yarnpkg.com/react-native-keyboard-height/-/react-native-keyboard-height-1.1.2.tgz#f0d6d8b7fb857b937775df9288aac270d3d31929"
  integrity sha512-N3tsr7X0Ql97H61xPWe8uyadOG0K7ZYvOaRPpQci5P/D3Q7mAENvHpAnF/fd26SBHVrRn+4IiPMuIZzGxaZQug==

react-native-keyboard-spacer@^0.4.1:
  version "0.4.1"
  resolved "https://registry.yarnpkg.com/react-native-keyboard-spacer/-/react-native-keyboard-spacer-0.4.1.tgz#46f18a320432098a25ea9fa89f5143dd254d332d"
  integrity sha1-RvGKMgQyCYol6p+on1FD3SVNMy0=
